
Microsoft Visual Studio Solution File, Format Version 12.00
# Visual Studio 2013
VisualStudioVersion = 12.0.30501.0
MinimumVisualStudioVersion = 10.0.40219.1
Project("{FAE04EC0-301F-11D3-BF4B-00C04F79EFBC}") = "FundRaiser.UI.Web", "FundRaiser.UI.Web\FundRaiser.UI.Web.csproj", "{3122E612-EECA-4D95-B2D2-76CA29C48A40}"
EndProject
Project("{FAE04EC0-301F-11D3-BF4B-00C04F79EFBC}") = "FundRaiser.UI.Statics", "FundRaiser.UI.Statics\FundRaiser.UI.Statics.csproj", "{11D6C0B8-6278-447D-A67C-52F406D73DC7}"
EndProject
Project("{F088123C-0E9E-452A-89E6-6BA2F21D5CAC}") = "ModelingProject", "ModelingProject\ModelingProject.modelproj", "{CF53B070-F114-4460-A3A1-8D1DD31A42A8}"
EndProject
Global
	GlobalSection(SolutionConfigurationPlatforms) = preSolution
		Debug|Any CPU = Debug|Any CPU
		Release|Any CPU = Release|Any CPU
	EndGlobalSection
	GlobalSection(ProjectConfigurationPlatforms) = postSolution
		{3122E612-EECA-4D95-B2D2-76CA29C48A40}.Debug|Any CPU.ActiveCfg = Debug|Any CPU
		{3122E612-EECA-4D95-B2D2-76CA29C48A40}.Debug|Any CPU.Build.0 = Debug|Any CPU
		{3122E612-EECA-4D95-B2D2-76CA29C48A40}.Release|Any CPU.ActiveCfg = Release|Any CPU
		{3122E612-EECA-4D95-B2D2-76CA29C48A40}.Release|Any CPU.Build.0 = Release|Any CPU
		{11D6C0B8-6278-447D-A67C-52F406D73DC7}.Debug|Any CPU.ActiveCfg = Debug|Any CPU
		{11D6C0B8-6278-447D-A67C-52F406D73DC7}.Debug|Any CPU.Build.0 = Debug|Any CPU
		{11D6C0B8-6278-447D-A67C-52F406D73DC7}.Release|Any CPU.ActiveCfg = Release|Any CPU
		{11D6C0B8-6278-447D-A67C-52F406D73DC7}.Release|Any CPU.Build.0 = Release|Any CPU
		{CF53B070-F114-4460-A3A1-8D1DD31A42A8}.Debug|Any CPU.ActiveCfg = Debug|Any CPU
		{CF53B070-F114-4460-A3A1-8D1DD31A42A8}.Debug|Any CPU.Build.0 = Debug|Any CPU
		{CF53B070-F114-4460-A3A1-8D1DD31A42A8}.Release|Any CPU.ActiveCfg = Release|Any CPU
		{CF53B070-F114-4460-A3A1-8D1DD31A42A8}.Release|Any CPU.Build.0 = Release|Any CPU
	EndGlobalSection
	GlobalSection(SolutionProperties) = preSolution
		HideSolutionNode = FALSE
	EndGlobalSection
EndGlobal
